
Microsoft Visual Studio Solution File, Format Version 12.00
# Visual Studio Version 17
VisualStudioVersion = 17.5.33530.505
MinimumVisualStudioVersion = 10.0.40219.1
Project("{FAE04EC0-301F-11D3-BF4B-00C04F79EFBC}") = "LeaveManagement.Web", "LeaveManagement.Web\LeaveManagement.Web.csproj", "{633BCC64-2CE4-40AB-A790-6E8B4444D7B7}"
EndProject
Global
	GlobalSection(SolutionConfigurationPlatforms) = preSolution
		Debug|Any CPU = Debug|Any CPU
		Release|Any CPU = Release|Any CPU
	EndGlobalSection
	GlobalSection(ProjectConfigurationPlatforms) = postSolution
		{633BCC64-2CE4-40AB-A790-6E8B4444D7B7}.Debug|Any CPU.ActiveCfg = Debug|Any CPU
		{633BCC64-2CE4-40AB-A790-6E8B4444D7B7}.Debug|Any CPU.Build.0 = Debug|Any CPU
		{633BCC64-2CE4-40AB-A790-6E8B4444D7B7}.Release|Any CPU.ActiveCfg = Release|Any CPU
		{633BCC64-2CE4-40AB-A790-6E8B4444D7B7}.Release|Any CPU.Build.0 = Release|Any CPU
	EndGlobalSection
	GlobalSection(SolutionProperties) = preSolution
		HideSolutionNode = FALSE
	EndGlobalSection
	GlobalSection(ExtensibilityGlobals) = postSolution
		SolutionGuid = {A1B6938B-FEED-4A83-9108-944ABA630C0D}
	EndGlobalSection
EndGlobal
